
Microsoft Visual Studio Solution File, Format Version 12.00
# Visual Studio 2013
VisualStudioVersion = 12.0.21005.1
MinimumVisualStudioVersion = 10.0.40219.1
Project("{FAE04EC0-301F-11D3-BF4B-00C04F79EFBC}") = "WebCodeGenerateMVC", "WebCodeGenerateMVC\WebCodeGenerateMVC.csproj", "{B1864305-3BA9-403E-8E59-1288DCD9017B}"
EndProject
Project("{FAE04EC0-301F-11D3-BF4B-00C04F79EFBC}") = "WebCodeGenerateMVCTest", "WebCodeGenerateMVCTest\WebCodeGenerateMVCTest.csproj", "{733E4EC3-9694-4684-8C9F-4334CEBCE610}"
EndProject
Global
	GlobalSection(SolutionConfigurationPlatforms) = preSolution
		Debug|Any CPU = Debug|Any CPU
		Release|Any CPU = Release|Any CPU
	EndGlobalSection
	GlobalSection(ProjectConfigurationPlatforms) = postSolution
		{B1864305-3BA9-403E-8E59-1288DCD9017B}.Debug|Any CPU.ActiveCfg = Debug|Any CPU
		{B1864305-3BA9-403E-8E59-1288DCD9017B}.Debug|Any CPU.Build.0 = Debug|Any CPU
		{B1864305-3BA9-403E-8E59-1288DCD9017B}.Release|Any CPU.ActiveCfg = Release|Any CPU
		{B1864305-3BA9-403E-8E59-1288DCD9017B}.Release|Any CPU.Build.0 = Release|Any CPU
		{733E4EC3-9694-4684-8C9F-4334CEBCE610}.Debug|Any CPU.ActiveCfg = Debug|Any CPU
		{733E4EC3-9694-4684-8C9F-4334CEBCE610}.Debug|Any CPU.Build.0 = Debug|Any CPU
		{733E4EC3-9694-4684-8C9F-4334CEBCE610}.Release|Any CPU.ActiveCfg = Release|Any CPU
		{733E4EC3-9694-4684-8C9F-4334CEBCE610}.Release|Any CPU.Build.0 = Release|Any CPU
	EndGlobalSection
	GlobalSection(SolutionProperties) = preSolution
		HideSolutionNode = FALSE
	EndGlobalSection
EndGlobal
